
Microsoft Visual Studio Solution File, Format Version 12.00
# Visual Studio Version 16
VisualStudioVersion = 16.0.29728.190
MinimumVisualStudioVersion = 10.0.40219.1
Project("{FAE04EC0-301F-11D3-BF4B-00C04F79EFBC}") = "BusinessTravelJob", "BusinessTravelJob\BusinessTravelJob.csproj", "{DE90CEA0-360F-46A1-BDE9-8D76494C1E7F}"
EndProject
Global
	GlobalSection(SolutionConfigurationPlatforms) = preSolution
		Debug|Any CPU = Debug|Any CPU
		Release|Any CPU = Release|Any CPU
	EndGlobalSection
	GlobalSection(ProjectConfigurationPlatforms) = postSolution
		{DE90CEA0-360F-46A1-BDE9-8D76494C1E7F}.Debug|Any CPU.ActiveCfg = Debug|Any CPU
		{DE90CEA0-360F-46A1-BDE9-8D76494C1E7F}.Debug|Any CPU.Build.0 = Debug|Any CPU
		{DE90CEA0-360F-46A1-BDE9-8D76494C1E7F}.Release|Any CPU.ActiveCfg = Release|Any CPU
		{DE90CEA0-360F-46A1-BDE9-8D76494C1E7F}.Release|Any CPU.Build.0 = Release|Any CPU
	EndGlobalSection
	GlobalSection(SolutionProperties) = preSolution
		HideSolutionNode = FALSE
	EndGlobalSection
	GlobalSection(ExtensibilityGlobals) = postSolution
		SolutionGuid = {FB400FEB-966E-47EE-8782-F8FE8848B350}
	EndGlobalSection
EndGlobal
